
Microsoft Visual Studio Solution File, Format Version 12.00
# Visual Studio Version 16
VisualStudioVersion = 16.0.31019.35
MinimumVisualStudioVersion = 10.0.40219.1
Project("{FAE04EC0-301F-11D3-BF4B-00C04F79EFBC}") = "MoreThanThreeParameter", "MoreThanThreeParameter\MoreThanThreeParameter.csproj", "{3F28E804-F54D-4B69-8788-35F275164733}"
EndProject
Project("{FAE04EC0-301F-11D3-BF4B-00C04F79EFBC}") = "UnitTestMoreThanThreeParameter", "UnitTestMoreThanThreeParameter\UnitTestMoreThanThreeParameter.csproj", "{19DE5105-B3EF-4B53-B6F1-1F90ABA0F349}"
EndProject
Global
	GlobalSection(SolutionConfigurationPlatforms) = preSolution
		Debug|Any CPU = Debug|Any CPU
		Release|Any CPU = Release|Any CPU
	EndGlobalSection
	GlobalSection(ProjectConfigurationPlatforms) = postSolution
		{3F28E804-F54D-4B69-8788-35F275164733}.Debug|Any CPU.ActiveCfg = Debug|Any CPU
		{3F28E804-F54D-4B69-8788-35F275164733}.Debug|Any CPU.Build.0 = Debug|Any CPU
		{3F28E804-F54D-4B69-8788-35F275164733}.Release|Any CPU.ActiveCfg = Release|Any CPU
		{3F28E804-F54D-4B69-8788-35F275164733}.Release|Any CPU.Build.0 = Release|Any CPU
		{19DE5105-B3EF-4B53-B6F1-1F90ABA0F349}.Debug|Any CPU.ActiveCfg = Debug|Any CPU
		{19DE5105-B3EF-4B53-B6F1-1F90ABA0F349}.Debug|Any CPU.Build.0 = Debug|Any CPU
		{19DE5105-B3EF-4B53-B6F1-1F90ABA0F349}.Release|Any CPU.ActiveCfg = Release|Any CPU
		{19DE5105-B3EF-4B53-B6F1-1F90ABA0F349}.Release|Any CPU.Build.0 = Release|Any CPU
	EndGlobalSection
	GlobalSection(SolutionProperties) = preSolution
		HideSolutionNode = FALSE
	EndGlobalSection
	GlobalSection(ExtensibilityGlobals) = postSolution
		SolutionGuid = {DEBE5628-A8D0-4AF0-A85C-C54099670735}
	EndGlobalSection
EndGlobal
